
Microsoft Visual Studio Solution File, Format Version 12.00
# Visual Studio Version 16
VisualStudioVersion = 16.0.29911.84
MinimumVisualStudioVersion = 10.0.40219.1
Project("{FAE04EC0-301F-11D3-BF4B-00C04F79EFBC}") = "CPPconferences", "CPPconferences.csproj", "{F71EF0D1-4492-4C62-BC1F-BA102C89265B}"
EndProject
Global
	GlobalSection(SolutionConfigurationPlatforms) = preSolution
		Debug|Any CPU = Debug|Any CPU
		Release|Any CPU = Release|Any CPU
	EndGlobalSection
	GlobalSection(ProjectConfigurationPlatforms) = postSolution
		{F71EF0D1-4492-4C62-BC1F-BA102C89265B}.Debug|Any CPU.ActiveCfg = Debug|Any CPU
		{F71EF0D1-4492-4C62-BC1F-BA102C89265B}.Debug|Any CPU.Build.0 = Debug|Any CPU
		{F71EF0D1-4492-4C62-BC1F-BA102C89265B}.Release|Any CPU.ActiveCfg = Release|Any CPU
		{F71EF0D1-4492-4C62-BC1F-BA102C89265B}.Release|Any CPU.Build.0 = Release|Any CPU
	EndGlobalSection
	GlobalSection(SolutionProperties) = preSolution
		HideSolutionNode = FALSE
	EndGlobalSection
	GlobalSection(ExtensibilityGlobals) = postSolution
		SolutionGuid = {1EAE9DA7-B9F6-4224-973B-E2A124E83D51}
	EndGlobalSection
EndGlobal
